// !$*UTF8*$!
{
	archiveVersion = 1;
	classes = {
	};
	objectVersion = 55;
	objects = {

/* Begin PBXBuildFile section */
		433FC215280E37FA00513EFD /* AppDelegate.swift in Sources */ = {isa = PBXBuildFile; fileRef = 433FC214280E37FA00513EFD /* AppDelegate.swift */; };
		433FC217280E37FA00513EFD /* SceneDelegate.swift in Sources */ = {isa = PBXBuildFile; fileRef = 433FC216280E37FA00513EFD /* SceneDelegate.swift */; };
		433FC21C280E37FA00513EFD /* Main.storyboard in Resources */ = {isa = PBXBuildFile; fileRef = 433FC21A280E37FA00513EFD /* Main.storyboard */; };
		433FC21F280E37FA00513EFD /* Memo.xcdatamodeld in Sources */ = {isa = PBXBuildFile; fileRef = 433FC21D280E37FA00513EFD /* Memo.xcdatamodeld */; };
		433FC221280E37FA00513EFD /* Assets.xcassets in Resources */ = {isa = PBXBuildFile; fileRef = 433FC220280E37FA00513EFD /* Assets.xcassets */; };
		433FC224280E37FA00513EFD /* LaunchScreen.storyboard in Resources */ = {isa = PBXBuildFile; fileRef = 433FC222280E37FA00513EFD /* LaunchScreen.storyboard */; };
		433FC22E280E4EBE00513EFD /* MemoListVC.swift in Sources */ = {isa = PBXBuildFile; fileRef = 433FC22D280E4EBE00513EFD /* MemoListVC.swift */; };
		433FC230280E4EDC00513EFD /* MemoFormVC.swift in Sources */ = {isa = PBXBuildFile; fileRef = 433FC22F280E4EDC00513EFD /* MemoFormVC.swift */; };
		433FC232280E4EE700513EFD /* MemoReadVC.swift in Sources */ = {isa = PBXBuildFile; fileRef = 433FC231280E4EE600513EFD /* MemoReadVC.swift */; };
		433FC234280E4F2B00513EFD /* MemoCell.swift in Sources */ = {isa = PBXBuildFile; fileRef = 433FC233280E4F2B00513EFD /* MemoCell.swift */; };
		433FC236280E4F9800513EFD /* MemoData.swift in Sources */ = {isa = PBXBuildFile; fileRef = 433FC235280E4F9800513EFD /* MemoData.swift */; };
		433FC36E28110FE500513EFD /* CSLogButton.swift in Sources */ = {isa = PBXBuildFile; fileRef = 433FC36D28110FE500513EFD /* CSLogButton.swift */; };
		433FC373281110E300513EFD /* button-bg.png in Resources */ = {isa = PBXBuildFile; fileRef = 433FC370281110E300513EFD /* button-bg.png */; };
		433FC374281110E300513EFD /* memo-background@2x.png in Resources */ = {isa = PBXBuildFile; fileRef = 433FC371281110E300513EFD /* memo-background@2x.png */; };
		433FC375281110E300513EFD /* warning-icon-60@2x.png in Resources */ = {isa = PBXBuildFile; fileRef = 433FC372281110E300513EFD /* warning-icon-60@2x.png */; };
		433FC3D528114B3400513EFD /* SWRevealViewController.m in Sources */ = {isa = PBXBuildFile; fileRef = 433FC3D428114B3300513EFD /* SWRevealViewController.m */; };
		433FC3DF28114B9800513EFD /* icon03.png in Resources */ = {isa = PBXBuildFile; fileRef = 433FC3D628114B9700513EFD /* icon03.png */; };
		433FC3E028114B9800513EFD /* icon06.png in Resources */ = {isa = PBXBuildFile; fileRef = 433FC3D728114B9700513EFD /* icon06.png */; };
		433FC3E128114B9800513EFD /* icon04.png in Resources */ = {isa = PBXBuildFile; fileRef = 433FC3D828114B9700513EFD /* icon04.png */; };
		433FC3E228114B9800513EFD /* profile-bg.png in Resources */ = {isa = PBXBuildFile; fileRef = 433FC3D928114B9700513EFD /* profile-bg.png */; };
		433FC3E328114B9800513EFD /* icon02.png in Resources */ = {isa = PBXBuildFile; fileRef = 433FC3DA28114B9700513EFD /* icon02.png */; };
		433FC3E428114B9800513EFD /* account@2x.jpg in Resources */ = {isa = PBXBuildFile; fileRef = 433FC3DB28114B9700513EFD /* account@2x.jpg */; };
		433FC3E528114B9800513EFD /* sidemenu.png in Resources */ = {isa = PBXBuildFile; fileRef = 433FC3DC28114B9800513EFD /* sidemenu.png */; };
		433FC3E628114B9800513EFD /* icon01.png in Resources */ = {isa = PBXBuildFile; fileRef = 433FC3DD28114B9800513EFD /* icon01.png */; };
		433FC3E728114B9800513EFD /* icon05.png in Resources */ = {isa = PBXBuildFile; fileRef = 433FC3DE28114B9800513EFD /* icon05.png */; };
		433FC3E928114DCC00513EFD /* SideBarVC.swift in Sources */ = {isa = PBXBuildFile; fileRef = 433FC3E828114DCC00513EFD /* SideBarVC.swift */; };
		433FC3EB2811530200513EFD /* ProfileVC.swift in Sources */ = {isa = PBXBuildFile; fileRef = 433FC3EA2811530200513EFD /* ProfileVC.swift */; };
		433FC44D281336B900513EFD /* UserInfoManager.swift in Sources */ = {isa = PBXBuildFile; fileRef = 433FC44C281336B900513EFD /* UserInfoManager.swift */; };
		433FC44F28145DE300513EFD /* Tutorial.storyboard in Resources */ = {isa = PBXBuildFile; fileRef = 433FC44E28145DE300513EFD /* Tutorial.storyboard */; };
		433FC4512814600C00513EFD /* Utils.swift in Sources */ = {isa = PBXBuildFile; fileRef = 433FC4502814600C00513EFD /* Utils.swift */; };
		433FC453281460AD00513EFD /* TutorialContentsVC.swift in Sources */ = {isa = PBXBuildFile; fileRef = 433FC452281460AD00513EFD /* TutorialContentsVC.swift */; };
		433FC456281461F400513EFD /* TutorialMasterVC.swift in Sources */ = {isa = PBXBuildFile; fileRef = 433FC455281461F400513EFD /* TutorialMasterVC.swift */; };
		433FC5582816812700513EFD /* MemoDAO.swift in Sources */ = {isa = PBXBuildFile; fileRef = 433FC5572816812700513EFD /* MemoDAO.swift */; };
		433FC5B228178EB100513EFD /* JoinVC.swift in Sources */ = {isa = PBXBuildFile; fileRef = 433FC5B128178EB100513EFD /* JoinVC.swift */; };
		433FC5B42817C2C000513EFD /* TokenUtils.swift in Sources */ = {isa = PBXBuildFile; fileRef = 433FC5B32817C2C000513EFD /* TokenUtils.swift */; };
		433FC5B6281824B700513EFD /* DataSync.swift in Sources */ = {isa = PBXBuildFile; fileRef = 433FC5B5281824B700513EFD /* DataSync.swift */; };
		A83EE1AA44281A2A39E86522 /* Pods_Memo.framework in Frameworks */ = {isa = PBXBuildFile; fileRef = 05015E8741937F9D2A105EC9 /* Pods_Memo.framework */; };
/* End PBXBuildFile section */

/* Begin PBXFileReference section */
		05015E8741937F9D2A105EC9 /* Pods_Memo.framework */ = {isa = PBXFileReference; explicitFileType = wrapper.framework; includeInIndex = 0; path = Pods_Memo.framework; sourceTree = BUILT_PRODUCTS_DIR; };
		433FC211280E37FA00513EFD /* Memo.app */ = {isa = PBXFileReference; explicitFileType = wrapper.application; includeInIndex = 0; path = Memo.app; sourceTree = BUILT_PRODUCTS_DIR; };
		433FC214280E37FA00513EFD /* AppDelegate.swift */ = {isa = PBXFileReference; lastKnownFileType = sourcecode.swift; path = AppDelegate.swift; sourceTree = "<group>"; };
		433FC216280E37FA00513EFD /* SceneDelegate.swift */ = {isa = PBXFileReference; lastKnownFileType = sourcecode.swift; path = SceneDelegate.swift; sourceTree = "<group>"; };
		433FC21B280E37FA00513EFD /* Base */ = {isa = PBXFileReference; lastKnownFileType = file.storyboard; name = Base; path = Base.lproj/Main.storyboard; sourceTree = "<group>"; };
		433FC21E280E37FA00513EFD /* Memo.xcdatamodel */ = {isa = PBXFileReference; lastKnownFileType = wrapper.xcdatamodel; path = Memo.xcdatamodel; sourceTree = "<group>"; };
		433FC220280E37FA00513EFD /* Assets.xcassets */ = {isa = PBXFileReference; lastKnownFileType = folder.assetcatalog; path = Assets.xcassets; sourceTree = "<group>"; };
		433FC223280E37FA00513EFD /* Base */ = {isa = PBXFileReference; lastKnownFileType = file.storyboard; name = Base; path = Base.lproj/LaunchScreen.storyboard; sourceTree = "<group>"; };
		433FC225280E37FA00513EFD /* Info.plist */ = {isa = PBXFileReference; lastKnownFileType = text.plist.xml; path = Info.plist; sourceTree = "<group>"; };
		433FC22D280E4EBE00513EFD /* MemoListVC.swift */ = {isa = PBXFileReference; lastKnownFileType = sourcecode.swift; path = MemoListVC.swift; sourceTree = "<group>"; };
		433FC22F280E4EDC00513EFD /* MemoFormVC.swift */ = {isa = PBXFileReference; lastKnownFileType = sourcecode.swift; path = MemoFormVC.swift; sourceTree = "<group>"; };
		433FC231280E4EE600513EFD /* MemoReadVC.swift */ = {isa = PBXFileReference; lastKnownFileType = sourcecode.swift; path = MemoReadVC.swift; sourceTree = "<group>"; };
		433FC233280E4F2B00513EFD /* MemoCell.swift */ = {isa = PBXFileReference; lastKnownFileType = sourcecode.swift; path = MemoCell.swift; sourceTree = "<group>"; };
		433FC235280E4F9800513EFD /* MemoData.swift */ = {isa = PBXFileReference; lastKnownFileType = sourcecode.swift; path = MemoData.swift; sourceTree = "<group>"; };
		433FC36D28110FE500513EFD /* CSLogButton.swift */ = {isa = PBXFileReference; lastKnownFileType = sourcecode.swift; path = CSLogButton.swift; sourceTree = "<group>"; };
		433FC370281110E300513EFD /* button-bg.png */ = {isa = PBXFileReference; lastKnownFileType = image.png; path = "button-bg.png"; sourceTree = "<group>"; };
		433FC371281110E300513EFD /* memo-background@2x.png */ = {isa = PBXFileReference; lastKnownFileType = image.png; path = "memo-background@2x.png"; sourceTree = "<group>"; };
		433FC372281110E300513EFD /* warning-icon-60@2x.png */ = {isa = PBXFileReference; lastKnownFileType = image.png; path = "warning-icon-60@2x.png"; sourceTree = "<group>"; };
		433FC3D228114B3300513EFD /* Memo-Bridging-Header.h */ = {isa = PBXFileReference; lastKnownFileType = sourcecode.c.h; path = "Memo-Bridging-Header.h"; sourceTree = "<group>"; };
		433FC3D328114B3300513EFD /* SWRevealViewController.h */ = {isa = PBXFileReference; fileEncoding = 4; lastKnownFileType = sourcecode.c.h; path = SWRevealViewController.h; sourceTree = "<group>"; };
		433FC3D428114B3300513EFD /* SWRevealViewController.m */ = {isa = PBXFileReference; fileEncoding = 4; lastKnownFileType = sourcecode.c.objc; path = SWRevealViewController.m; sourceTree = "<group>"; };
		433FC3D628114B9700513EFD /* icon03.png */ = {isa = PBXFileReference; lastKnownFileType = image.png; path = icon03.png; sourceTree = "<group>"; };
		433FC3D728114B9700513EFD /* icon06.png */ = {isa = PBXFileReference; lastKnownFileType = image.png; path = icon06.png; sourceTree = "<group>"; };
		433FC3D828114B9700513EFD /* icon04.png */ = {isa = PBXFileReference; lastKnownFileType = image.png; path = icon04.png; sourceTree = "<group>"; };
		433FC3D928114B9700513EFD /* profile-bg.png */ = {isa = PBXFileReference; lastKnownFileType = image.png; path = "profile-bg.png"; sourceTree = "<group>"; };
		433FC3DA28114B9700513EFD /* icon02.png */ = {isa = PBXFileReference; lastKnownFileType = image.png; path = icon02.png; sourceTree = "<group>"; };
		433FC3DB28114B9700513EFD /* account@2x.jpg */ = {isa = PBXFileReference; lastKnownFileType = image.jpeg; path = "account@2x.jpg"; sourceTree = "<group>"; };
		433FC3DC28114B9800513EFD /* sidemenu.png */ = {isa = PBXFileReference; lastKnownFileType = image.png; path = sidemenu.png; sourceTree = "<group>"; };
		433FC3DD28114B9800513EFD /* icon01.png */ = {isa = PBXFileReference; lastKnownFileType = image.png; path = icon01.png; sourceTree = "<group>"; };
		433FC3DE28114B9800513EFD /* icon05.png */ = {isa = PBXFileReference; lastKnownFileType = image.png; path = icon05.png; sourceTree = "<group>"; };
		433FC3E828114DCC00513EFD /* SideBarVC.swift */ = {isa = PBXFileReference; lastKnownFileType = sourcecode.swift; path = SideBarVC.swift; sourceTree = "<group>"; };
		433FC3EA2811530200513EFD /* ProfileVC.swift */ = {isa = PBXFileReference; lastKnownFileType = sourcecode.swift; path = ProfileVC.swift; sourceTree = "<group>"; };
		433FC44C281336B900513EFD /* UserInfoManager.swift */ = {isa = PBXFileReference; lastKnownFileType = sourcecode.swift; path = UserInfoManager.swift; sourceTree = "<group>"; };
		433FC44E28145DE300513EFD /* Tutorial.storyboard */ = {isa = PBXFileReference; lastKnownFileType = file.storyboard; path = Tutorial.storyboard; sourceTree = "<group>"; };
		433FC4502814600C00513EFD /* Utils.swift */ = {isa = PBXFileReference; lastKnownFileType = sourcecode.swift; path = Utils.swift; sourceTree = "<group>"; };
		433FC452281460AD00513EFD /* TutorialContentsVC.swift */ = {isa = PBXFileReference; lastKnownFileType = sourcecode.swift; path = TutorialContentsVC.swift; sourceTree = "<group>"; };
		433FC455281461F400513EFD /* TutorialMasterVC.swift */ = {isa = PBXFileReference; lastKnownFileType = sourcecode.swift; path = TutorialMasterVC.swift; sourceTree = "<group>"; };
		433FC5572816812700513EFD /* MemoDAO.swift */ = {isa = PBXFileReference; lastKnownFileType = sourcecode.swift; path = MemoDAO.swift; sourceTree = "<group>"; };
		433FC5B128178EB100513EFD /* JoinVC.swift */ = {isa = PBXFileReference; lastKnownFileType = sourcecode.swift; path = JoinVC.swift; sourceTree = "<group>"; };
		433FC5B32817C2C000513EFD /* TokenUtils.swift */ = {isa = PBXFileReference; lastKnownFileType = sourcecode.swift; path = TokenUtils.swift; sourceTree = "<group>"; };
		433FC5B5281824B700513EFD /* DataSync.swift */ = {isa = PBXFileReference; lastKnownFileType = sourcecode.swift; path = DataSync.swift; sourceTree = "<group>"; };
		C75584E9F88CFC9F1CCFB699 /* Pods-Memo.release.xcconfig */ = {isa = PBXFileReference; includeInIndex = 1; lastKnownFileType = text.xcconfig; name = "Pods-Memo.release.xcconfig"; path = "Target Support Files/Pods-Memo/Pods-Memo.release.xcconfig"; sourceTree = "<group>"; };
		FB5DCFBCF458B9B060CF6F47 /* Pods-Memo.debug.xcconfig */ = {isa = PBXFileReference; includeInIndex = 1; lastKnownFileType = text.xcconfig; name = "Pods-Memo.debug.xcconfig"; path = "Target Support Files/Pods-Memo/Pods-Memo.debug.xcconfig"; sourceTree = "<group>"; };
/* End PBXFileReference section */

/* Begin PBXFrameworksBuildPhase section */
		433FC20E280E37FA00513EFD /* Frameworks */ = {
			isa = PBXFrameworksBuildPhase;
			buildActionMask = 2147483647;
			files = (
				A83EE1AA44281A2A39E86522 /* Pods_Memo.framework in Frameworks */,
			);
			runOnlyForDeploymentPostprocessing = 0;
		};
/* End PBXFrameworksBuildPhase section */

/* Begin PBXGroup section */
		1C17C68EFAF7EA467C7560B9 /* Pods */ = {
			isa = PBXGroup;
			children = (
				FB5DCFBCF458B9B060CF6F47 /* Pods-Memo.debug.xcconfig */,
				C75584E9F88CFC9F1CCFB699 /* Pods-Memo.release.xcconfig */,
			);
			path = Pods;
			sourceTree = "<group>";
		};
		1F79D7D52FB8E8D737699FB4 /* Frameworks */ = {
			isa = PBXGroup;
			children = (
				05015E8741937F9D2A105EC9 /* Pods_Memo.framework */,
			);
			name = Frameworks;
			sourceTree = "<group>";
		};
		433FC208280E37FA00513EFD = {
			isa = PBXGroup;
			children = (
				433FC213280E37FA00513EFD /* Memo */,
				433FC212280E37FA00513EFD /* Products */,
				1C17C68EFAF7EA467C7560B9 /* Pods */,
				1F79D7D52FB8E8D737699FB4 /* Frameworks */,
			);
			sourceTree = "<group>";
		};
		433FC212280E37FA00513EFD /* Products */ = {
			isa = PBXGroup;
			children = (
				433FC211280E37FA00513EFD /* Memo.app */,
			);
			name = Products;
			sourceTree = "<group>";
		};
		433FC213280E37FA00513EFD /* Memo */ = {
			isa = PBXGroup;
			children = (
				433FC36F281110C900513EFD /* Resources */,
				433FC55628167EB300513EFD /* SWReveal */,
				433FC214280E37FA00513EFD /* AppDelegate.swift */,
				433FC216280E37FA00513EFD /* SceneDelegate.swift */,
				433FC21A280E37FA00513EFD /* Main.storyboard */,
				433FC5B128178EB100513EFD /* JoinVC.swift */,
				433FC3EA2811530200513EFD /* ProfileVC.swift */,
				433FC36D28110FE500513EFD /* CSLogButton.swift */,
				433FC235280E4F9800513EFD /* MemoData.swift */,
				433FC5572816812700513EFD /* MemoDAO.swift */,
				433FC233280E4F2B00513EFD /* MemoCell.swift */,
				433FC22D280E4EBE00513EFD /* MemoListVC.swift */,
				433FC3E828114DCC00513EFD /* SideBarVC.swift */,
				433FC22F280E4EDC00513EFD /* MemoFormVC.swift */,
				433FC231280E4EE600513EFD /* MemoReadVC.swift */,
				433FC44C281336B900513EFD /* UserInfoManager.swift */,
				433FC220280E37FA00513EFD /* Assets.xcassets */,
				433FC454281460D000513EFD /* Turorial */,
				433FC4502814600C00513EFD /* Utils.swift */,
				433FC5B32817C2C000513EFD /* TokenUtils.swift */,
				433FC222280E37FA00513EFD /* LaunchScreen.storyboard */,
				433FC225280E37FA00513EFD /* Info.plist */,
				433FC21D280E37FA00513EFD /* Memo.xcdatamodeld */,
				433FC5B5281824B700513EFD /* DataSync.swift */,
				433FC3D228114B3300513EFD /* Memo-Bridging-Header.h */,
			);
			path = Memo;
			sourceTree = "<group>";
		};
		433FC36F281110C900513EFD /* Resources */ = {
			isa = PBXGroup;
			children = (
				433FC3DB28114B9700513EFD /* account@2x.jpg */,
				433FC3DD28114B9800513EFD /* icon01.png */,
				433FC3DA28114B9700513EFD /* icon02.png */,
				433FC3D628114B9700513EFD /* icon03.png */,
				433FC3D828114B9700513EFD /* icon04.png */,
				433FC3DE28114B9800513EFD /* icon05.png */,
				433FC3D728114B9700513EFD /* icon06.png */,
				433FC3D928114B9700513EFD /* profile-bg.png */,
				433FC3DC28114B9800513EFD /* sidemenu.png */,
				433FC370281110E300513EFD /* button-bg.png */,
				433FC371281110E300513EFD /* memo-background@2x.png */,
				433FC372281110E300513EFD /* warning-icon-60@2x.png */,
			);
			path = Resources;
			sourceTree = "<group>";
		};
		433FC454281460D000513EFD /* Turorial */ = {
			isa = PBXGroup;
			children = (
				433FC44E28145DE300513EFD /* Tutorial.storyboard */,
				433FC455281461F400513EFD /* TutorialMasterVC.swift */,
				433FC452281460AD00513EFD /* TutorialContentsVC.swift */,
			);
			path = Turorial;
			sourceTree = "<group>";
		};
		433FC55628167EB300513EFD /* SWReveal */ = {
			isa = PBXGroup;
			children = (
				433FC3D328114B3300513EFD /* SWRevealViewController.h */,
				433FC3D428114B3300513EFD /* SWRevealViewController.m */,
			);
			path = SWReveal;
			sourceTree = "<group>";
		};
/* End PBXGroup section */

/* Begin PBXNativeTarget section */
		433FC210280E37FA00513EFD /* Memo */ = {
			isa = PBXNativeTarget;
			buildConfigurationList = 433FC228280E37FA00513EFD /* Build configuration list for PBXNativeTarget "Memo" */;
			buildPhases = (
				F959C490BDDC7E61AE3C850C /* [CP] Check Pods Manifest.lock */,
				433FC20D280E37FA00513EFD /* Sources */,
				433FC20E280E37FA00513EFD /* Frameworks */,
				433FC20F280E37FA00513EFD /* Resources */,
				25C6CE2A7924ECD4289A782F /* [CP] Embed Pods Frameworks */,
			);
			buildRules = (
			);
			dependencies = (
			);
			name = Memo;
			productName = Memo;
			productReference = 433FC211280E37FA00513EFD /* Memo.app */;
			productType = "com.apple.product-type.application";
		};
/* End PBXNativeTarget section */

/* Begin PBXProject section */
		433FC209280E37FA00513EFD /* Project object */ = {
			isa = PBXProject;
			attributes = {
				BuildIndependentTargetsInParallel = 1;
				LastSwiftUpdateCheck = 1330;
				LastUpgradeCheck = 1330;
				TargetAttributes = {
					433FC210280E37FA00513EFD = {
						CreatedOnToolsVersion = 13.3.1;
						LastSwiftMigration = 1330;
					};
				};
			};
			buildConfigurationList = 433FC20C280E37FA00513EFD /* Build configuration list for PBXProject "Memo" */;
			compatibilityVersion = "Xcode 13.0";
			developmentRegion = en;
			hasScannedForEncodings = 0;
			knownRegions = (
				en,
				Base,
			);
			mainGroup = 433FC208280E37FA00513EFD;
			productRefGroup = 433FC212280E37FA00513EFD /* Products */;
			projectDirPath = "";
			projectRoot = "";
			targets = (
				433FC210280E37FA00513EFD /* Memo */,
			);
		};
/* End PBXProject section */

/* Begin PBXResourcesBuildPhase section */
		433FC20F280E37FA00513EFD /* Resources */ = {
			isa = PBXResourcesBuildPhase;
			buildActionMask = 2147483647;
			files = (
				433FC3E428114B9800513EFD /* account@2x.jpg in Resources */,
				433FC374281110E300513EFD /* memo-background@2x.png in Resources */,
				433FC224280E37FA00513EFD /* LaunchScreen.storyboard in Resources */,
				433FC3DF28114B9800513EFD /* icon03.png in Resources */,
				433FC3E728114B9800513EFD /* icon05.png in Resources */,
				433FC221280E37FA00513EFD /* Assets.xcassets in Resources */,
				433FC3E228114B9800513EFD /* profile-bg.png in Resources */,
				433FC3E028114B9800513EFD /* icon06.png in Resources */,
				433FC3E128114B9800513EFD /* icon04.png in Resources */,
				433FC3E328114B9800513EFD /* icon02.png in Resources */,
				433FC3E528114B9800513EFD /* sidemenu.png in Resources */,
				433FC373281110E300513EFD /* button-bg.png in Resources */,
				433FC3E628114B9800513EFD /* icon01.png in Resources */,
				433FC375281110E300513EFD /* warning-icon-60@2x.png in Resources */,
				433FC44F28145DE300513EFD /* Tutorial.storyboard in Resources */,
				433FC21C280E37FA00513EFD /* Main.storyboard in Resources */,
			);
			runOnlyForDeploymentPostprocessing = 0;
		};
/* End PBXResourcesBuildPhase section */

/* Begin PBXShellScriptBuildPhase section */
		25C6CE2A7924ECD4289A782F /* [CP] Embed Pods Frameworks */ = {
			isa = PBXShellScriptBuildPhase;
			buildActionMask = 2147483647;
			files = (
			);
			inputFileListPaths = (
				"${PODS_ROOT}/Target Support Files/Pods-Memo/Pods-Memo-frameworks-${CONFIGURATION}-input-files.xcfilelist",
			);
			name = "[CP] Embed Pods Frameworks";
			outputFileListPaths = (
				"${PODS_ROOT}/Target Support Files/Pods-Memo/Pods-Memo-frameworks-${CONFIGURATION}-output-files.xcfilelist",
			);
			runOnlyForDeploymentPostprocessing = 0;
			shellPath = /bin/sh;
			shellScript = "\"${PODS_ROOT}/Target Support Files/Pods-Memo/Pods-Memo-frameworks.sh\"\n";
			showEnvVarsInLog = 0;
		};
		F959C490BDDC7E61AE3C850C /* [CP] Check Pods Manifest.lock */ = {
			isa = PBXShellScriptBuildPhase;
			buildActionMask = 2147483647;
			files = (
			);
			inputFileListPaths = (
			);
			inputPaths = (
				"${PODS_PODFILE_DIR_PATH}/Podfile.lock",
				"${PODS_ROOT}/Manifest.lock",
			);
			name = "[CP] Check Pods Manifest.lock";
			outputFileListPaths = (
			);
			outputPaths = (
				"$(DERIVED_FILE_DIR)/Pods-Memo-checkManifestLockResult.txt",
			);
			runOnlyForDeploymentPostprocessing = 0;
			shellPath = /bin/sh;
			shellScript = "diff \"${PODS_PODFILE_DIR_PATH}/Podfile.lock\" \"${PODS_ROOT}/Manifest.lock\" > /dev/null\nif [ $? != 0 ] ; then\n    # print error to STDERR\n    echo \"error: The sandbox is not in sync with the Podfile.lock. Run 'pod install' or update your CocoaPods installation.\" >&2\n    exit 1\nfi\n# This output is used by Xcode 'outputs' to avoid re-running this script phase.\necho \"SUCCESS\" > \"${SCRIPT_OUTPUT_FILE_0}\"\n";
			showEnvVarsInLog = 0;
		};
/* End PBXShellScriptBuildPhase section */

/* Begin PBXSourcesBuildPhase section */
		433FC20D280E37FA00513EFD /* Sources */ = {
			isa = PBXSourcesBuildPhase;
			buildActionMask = 2147483647;
			files = (
				433FC3EB2811530200513EFD /* ProfileVC.swift in Sources */,
				433FC5B42817C2C000513EFD /* TokenUtils.swift in Sources */,
				433FC36E28110FE500513EFD /* CSLogButton.swift in Sources */,
				433FC3E928114DCC00513EFD /* SideBarVC.swift in Sources */,
				433FC4512814600C00513EFD /* Utils.swift in Sources */,
				433FC215280E37FA00513EFD /* AppDelegate.swift in Sources */,
				433FC236280E4F9800513EFD /* MemoData.swift in Sources */,
				433FC230280E4EDC00513EFD /* MemoFormVC.swift in Sources */,
				433FC232280E4EE700513EFD /* MemoReadVC.swift in Sources */,
				433FC217280E37FA00513EFD /* SceneDelegate.swift in Sources */,
				433FC22E280E4EBE00513EFD /* MemoListVC.swift in Sources */,
				433FC456281461F400513EFD /* TutorialMasterVC.swift in Sources */,
				433FC5582816812700513EFD /* MemoDAO.swift in Sources */,
				433FC3D528114B3400513EFD /* SWRevealViewController.m in Sources */,
				433FC21F280E37FA00513EFD /* Memo.xcdatamodeld in Sources */,
				433FC5B228178EB100513EFD /* JoinVC.swift in Sources */,
				433FC5B6281824B700513EFD /* DataSync.swift in Sources */,
				433FC44D281336B900513EFD /* UserInfoManager.swift in Sources */,
				433FC453281460AD00513EFD /* TutorialContentsVC.swift in Sources */,
				433FC234280E4F2B00513EFD /* MemoCell.swift in Sources */,
			);
			runOnlyForDeploymentPostprocessing = 0;
		};
/* End PBXSourcesBuildPhase section */

/* Begin PBXVariantGroup section */
		433FC21A280E37FA00513EFD /* Main.storyboard */ = {
			isa = PBXVariantGroup;
			children = (
				433FC21B280E37FA00513EFD /* Base */,
			);
			name = Main.storyboard;
			sourceTree = "<group>";
		};
		433FC222280E37FA00513EFD /* LaunchScreen.storyboard */ = {
			isa = PBXVariantGroup;
			children = (
				433FC223280E37FA00513EFD /* Base */,
			);
			name = LaunchScreen.storyboard;
			sourceTree = "<group>";
		};
/* End PBXVariantGroup section */

/* Begin XCBuildConfiguration section */
		433FC226280E37FA00513EFD /* Debug */ = {
			isa = XCBuildConfiguration;
			buildSettings = {
				ALWAYS_SEARCH_USER_PATHS = NO;
				CLANG_ANALYZER_NONNULL = YES;
				CLANG_ANALYZER_NUMBER_OBJECT_CONVERSION = YES_AGGRESSIVE;
				CLANG_CXX_LANGUAGE_STANDARD = "gnu++17";
				CLANG_ENABLE_MODULES = YES;
				CLANG_ENABLE_OBJC_ARC = YES;
				CLANG_ENABLE_OBJC_WEAK = YES;
				CLANG_WARN_BLOCK_CAPTURE_AUTORELEASING = YES;
				CLANG_WARN_BOOL_CONVERSION = YES;
				CLANG_WARN_COMMA = YES;
				CLANG_WARN_CONSTANT_CONVERSION = YES;
				CLANG_WARN_DEPRECATED_OBJC_IMPLEMENTATIONS = YES;
				CLANG_WARN_DIRECT_OBJC_ISA_USAGE = YES_ERROR;
				CLANG_WARN_DOCUMENTATION_COMMENTS = YES;
				CLANG_WARN_EMPTY_BODY = YES;
				CLANG_WARN_ENUM_CONVERSION = YES;
				CLANG_WARN_INFINITE_RECURSION = YES;
				CLANG_WARN_INT_CONVERSION = YES;
				CLANG_WARN_NON_LITERAL_NULL_CONVERSION = YES;
				CLANG_WARN_OBJC_IMPLICIT_RETAIN_SELF = YES;
				CLANG_WARN_OBJC_LITERAL_CONVERSION = YES;
				CLANG_WARN_OBJC_ROOT_CLASS = YES_ERROR;
				CLANG_WARN_QUOTED_INCLUDE_IN_FRAMEWORK_HEADER = YES;
				CLANG_WARN_RANGE_LOOP_ANALYSIS = YES;
				CLANG_WARN_STRICT_PROTOTYPES = YES;
				CLANG_WARN_SUSPICIOUS_MOVE = YES;
				CLANG_WARN_UNGUARDED_AVAILABILITY = YES_AGGRESSIVE;
				CLANG_WARN_UNREACHABLE_CODE = YES;
				CLANG_WARN__DUPLICATE_METHOD_MATCH = YES;
				COPY_PHASE_STRIP = NO;
				DEBUG_INFORMATION_FORMAT = dwarf;
				ENABLE_STRICT_OBJC_MSGSEND = YES;
				ENABLE_TESTABILITY = YES;
				GCC_C_LANGUAGE_STANDARD = gnu11;
				GCC_DYNAMIC_NO_PIC = NO;
				GCC_NO_COMMON_BLOCKS = YES;
				GCC_OPTIMIZATION_LEVEL = 0;
				GCC_PREPROCESSOR_DEFINITIONS = (
					"DEBUG=1",
					"$(inherited)",
				);
				GCC_WARN_64_TO_32_BIT_CONVERSION = YES;
				GCC_WARN_ABOUT_RETURN_TYPE = YES_ERROR;
				GCC_WARN_UNDECLARED_SELECTOR = YES;
				GCC_WARN_UNINITIALIZED_AUTOS = YES_AGGRESSIVE;
				GCC_WARN_UNUSED_FUNCTION = YES;
				GCC_WARN_UNUSED_VARIABLE = YES;
				IPHONEOS_DEPLOYMENT_TARGET = 14.1;
				MTL_ENABLE_DEBUG_INFO = INCLUDE_SOURCE;
				MTL_FAST_MATH = YES;
				ONLY_ACTIVE_ARCH = YES;
				SDKROOT = iphoneos;
				SWIFT_ACTIVE_COMPILATION_CONDITIONS = DEBUG;
				SWIFT_OPTIMIZATION_LEVEL = "-Onone";
			};
			name = Debug;
		};
		433FC227280E37FA00513EFD /* Release */ = {
			isa = XCBuildConfiguration;
			buildSettings = {
				ALWAYS_SEARCH_USER_PATHS = NO;
				CLANG_ANALYZER_NONNULL = YES;
				CLANG_ANALYZER_NUMBER_OBJECT_CONVERSION = YES_AGGRESSIVE;
				CLANG_CXX_LANGUAGE_STANDARD = "gnu++17";
				CLANG_ENABLE_MODULES = YES;
				CLANG_ENABLE_OBJC_ARC = YES;
				CLANG_ENABLE_OBJC_WEAK = YES;
				CLANG_WARN_BLOCK_CAPTURE_AUTORELEASING = YES;
				CLANG_WARN_BOOL_CONVERSION = YES;
				CLANG_WARN_COMMA = YES;
				CLANG_WARN_CONSTANT_CONVERSION = YES;
				CLANG_WARN_DEPRECATED_OBJC_IMPLEMENTATIONS = YES;
				CLANG_WARN_DIRECT_OBJC_ISA_USAGE = YES_ERROR;
				CLANG_WARN_DOCUMENTATION_COMMENTS = YES;
				CLANG_WARN_EMPTY_BODY = YES;
				CLANG_WARN_ENUM_CONVERSION = YES;
				CLANG_WARN_INFINITE_RECURSION = YES;
				CLANG_WARN_INT_CONVERSION = YES;
				CLANG_WARN_NON_LITERAL_NULL_CONVERSION = YES;
				CLANG_WARN_OBJC_IMPLICIT_RETAIN_SELF = YES;
				CLANG_WARN_OBJC_LITERAL_CONVERSION = YES;
				CLANG_WARN_OBJC_ROOT_CLASS = YES_ERROR;
				CLANG_WARN_QUOTED_INCLUDE_IN_FRAMEWORK_HEADER = YES;
				CLANG_WARN_RANGE_LOOP_ANALYSIS = YES;
				CLANG_WARN_STRICT_PROTOTYPES = YES;
				CLANG_WARN_SUSPICIOUS_MOVE = YES;
				CLANG_WARN_UNGUARDED_AVAILABILITY = YES_AGGRESSIVE;
				CLANG_WARN_UNREACHABLE_CODE = YES;
				CLANG_WARN__DUPLICATE_METHOD_MATCH = YES;
				COPY_PHASE_STRIP = NO;
				DEBUG_INFORMATION_FORMAT = "dwarf-with-dsym";
				ENABLE_NS_ASSERTIONS = NO;
				ENABLE_STRICT_OBJC_MSGSEND = YES;
				GCC_C_LANGUAGE_STANDARD = gnu11;
				GCC_NO_COMMON_BLOCKS = YES;
				GCC_WARN_64_TO_32_BIT_CONVERSION = YES;
				GCC_WARN_ABOUT_RETURN_TYPE = YES_ERROR;
				GCC_WARN_UNDECLARED_SELECTOR = YES;
				GCC_WARN_UNINITIALIZED_AUTOS = YES_AGGRESSIVE;
				GCC_WARN_UNUSED_FUNCTION = YES;
				GCC_WARN_UNUSED_VARIABLE = YES;
				IPHONEOS_DEPLOYMENT_TARGET = 14.1;
				MTL_ENABLE_DEBUG_INFO = NO;
				MTL_FAST_MATH = YES;
				SDKROOT = iphoneos;
				SWIFT_COMPILATION_MODE = wholemodule;
				SWIFT_OPTIMIZATION_LEVEL = "-O";
				VALIDATE_PRODUCT = YES;
			};
			name = Release;
		};
		433FC229280E37FA00513EFD /* Debug */ = {
			isa = XCBuildConfiguration;
			baseConfigurationReference = FB5DCFBCF458B9B060CF6F47 /* Pods-Memo.debug.xcconfig */;
			buildSettings = {
				ASSETCATALOG_COMPILER_APPICON_NAME = AppIcon;
				ASSETCATALOG_COMPILER_GLOBAL_ACCENT_COLOR_NAME = AccentColor;
				CLANG_ENABLE_MODULES = YES;
				CODE_SIGN_STYLE = Automatic;
				CURRENT_PROJECT_VERSION = 1;
				DEVELOPMENT_TEAM = 48RM3UNKQU;
				GENERATE_INFOPLIST_FILE = YES;
				INFOPLIST_FILE = Memo/Info.plist;
				INFOPLIST_KEY_UIApplicationSupportsIndirectInputEvents = YES;
				INFOPLIST_KEY_UILaunchStoryboardName = LaunchScreen;
				INFOPLIST_KEY_UIMainStoryboardFile = Main;
				INFOPLIST_KEY_UISupportedInterfaceOrientations = UIInterfaceOrientationPortrait;
				INFOPLIST_KEY_UISupportedInterfaceOrientations_iPad = "UIInterfaceOrientationPortrait UIInterfaceOrientationPortraitUpsideDown UIInterfaceOrientationLandscapeLeft UIInterfaceOrientationLandscapeRight";
				INFOPLIST_KEY_UISupportedInterfaceOrientations_iPhone = "UIInterfaceOrientationPortrait UIInterfaceOrientationLandscapeLeft UIInterfaceOrientationLandscapeRight";
				LD_RUNPATH_SEARCH_PATHS = (
					"$(inherited)",
					"@executable_path/Frameworks",
				);
				MARKETING_VERSION = 1.0;
				PRODUCT_BUNDLE_IDENTIFIER = TWLim.Memo;
				PRODUCT_NAME = "$(TARGET_NAME)";
				SWIFT_EMIT_LOC_STRINGS = YES;
				SWIFT_OBJC_BRIDGING_HEADER = "Memo/Memo-Bridging-Header.h";
				SWIFT_OPTIMIZATION_LEVEL = "-Onone";
				SWIFT_VERSION = 5.0;
				TARGETED_DEVICE_FAMILY = 1;
			};
			name = Debug;
		};
		433FC22A280E37FA00513EFD /* Release */ = {
			isa = XCBuildConfiguration;
			baseConfigurationReference = C75584E9F88CFC9F1CCFB699 /* Pods-Memo.release.xcconfig */;
			buildSettings = {
				ASSETCATALOG_COMPILER_APPICON_NAME = AppIcon;
				ASSETCATALOG_COMPILER_GLOBAL_ACCENT_COLOR_NAME = AccentColor;
				CLANG_ENABLE_MODULES = YES;
				CODE_SIGN_STYLE = Automatic;
				CURRENT_PROJECT_VERSION = 1;
				DEVELOPMENT_TEAM = 48RM3UNKQU;
				GENERATE_INFOPLIST_FILE = YES;
				INFOPLIST_FILE = Memo/Info.plist;
				INFOPLIST_KEY_UIApplicationSupportsIndirectInputEvents = YES;
				INFOPLIST_KEY_UILaunchStoryboardName = LaunchScreen;
				INFOPLIST_KEY_UIMainStoryboardFile = Main;
				INFOPLIST_KEY_UISupportedInterfaceOrientations = UIInterfaceOrientationPortrait;
				INFOPLIST_KEY_UISupportedInterfaceOrientations_iPad = "UIInterfaceOrientationPortrait UIInterfaceOrientationPortraitUpsideDown UIInterfaceOrientationLandscapeLeft UIInterfaceOrientationLandscapeRight";
				INFOPLIST_KEY_UISupportedInterfaceOrientations_iPhone = "UIInterfaceOrientationPortrait UIInterfaceOrientationLandscapeLeft UIInterfaceOrientationLandscapeRight";
				LD_RUNPATH_SEARCH_PATHS = (
					"$(inherited)",
					"@executable_path/Frameworks",
				);
				MARKETING_VERSION = 1.0;
				PRODUCT_BUNDLE_IDENTIFIER = TWLim.Memo;
				PRODUCT_NAME = "$(TARGET_NAME)";
				SWIFT_EMIT_LOC_STRINGS = YES;
				SWIFT_OBJC_BRIDGING_HEADER = "Memo/Memo-Bridging-Header.h";
				SWIFT_VERSION = 5.0;
				TARGETED_DEVICE_FAMILY = 1;
			};
			name = Release;
		};
/* End XCBuildConfiguration section */

/* Begin XCConfigurationList section */
		433FC20C280E37FA00513EFD /* Build configuration list for PBXProject "Memo" */ = {
			isa = XCConfigurationList;
			buildConfigurations = (
				433FC226280E37FA00513EFD /* Debug */,
				433FC227280E37FA00513EFD /* Release */,
			);
			defaultConfigurationIsVisible = 0;
			defaultConfigurationName = Release;
		};
		433FC228280E37FA00513EFD /* Build configuration list for PBXNativeTarget "Memo" */ = {
			isa = XCConfigurationList;
			buildConfigurations = (
				433FC229280E37FA00513EFD /* Debug */,
				433FC22A280E37FA00513EFD /* Release */,
			);
			defaultConfigurationIsVisible = 0;
			defaultConfigurationName = Release;
		};
/* End XCConfigurationList section */

/* Begin XCVersionGroup section */
		433FC21D280E37FA00513EFD /* Memo.xcdatamodeld */ = {
			isa = XCVersionGroup;
			children = (
				433FC21E280E37FA00513EFD /* Memo.xcdatamodel */,
			);
			currentVersion = 433FC21E280E37FA00513EFD /* Memo.xcdatamodel */;
			path = Memo.xcdatamodeld;
			sourceTree = "<group>";
			versionGroupType = wrapper.xcdatamodel;
		};
/* End XCVersionGroup section */
	};
	rootObject = 433FC209280E37FA00513EFD /* Project object */;
}
